// !$*UTF8*$!
{
	archiveVersion = 1;
	classes = {
	};
	objectVersion = 46;
	objects = {

/* Begin PBXBuildFile section */
		119DE89C1CAD6EB70087E0F0 /* AppDelegate.swift in Sources */ = {isa = PBXBuildFile; fileRef = 119DE89B1CAD6EB70087E0F0 /* AppDelegate.swift */; };
		119DE8A11CAD6EB70087E0F0 /* Main.storyboard in Resources */ = {isa = PBXBuildFile; fileRef = 119DE89F1CAD6EB70087E0F0 /* Main.storyboard */; };
		119DE8A31CAD6EB70087E0F0 /* Assets.xcassets in Resources */ = {isa = PBXBuildFile; fileRef = 119DE8A21CAD6EB70087E0F0 /* Assets.xcassets */; };
		119DE9A61CAD758A0087E0F0 /* BaseViewController.swift in Sources */ = {isa = PBXBuildFile; fileRef = 119DE9A51CAD758A0087E0F0 /* BaseViewController.swift */; };
		119DE9A81CAD75DE0087E0F0 /* AuthViewController.swift in Sources */ = {isa = PBXBuildFile; fileRef = 119DE9A71CAD75DE0087E0F0 /* AuthViewController.swift */; };
		119DE9AA1CAD76010087E0F0 /* DashboardViewController.swift in Sources */ = {isa = PBXBuildFile; fileRef = 119DE9A91CAD76010087E0F0 /* DashboardViewController.swift */; };
		119DE9AC1CAD76920087E0F0 /* DefaultEmployeeViewController.swift in Sources */ = {isa = PBXBuildFile; fileRef = 119DE9AB1CAD76920087E0F0 /* DefaultEmployeeViewController.swift */; };
		119DE9AE1CAD76CF0087E0F0 /* DefaultHRViewController.swift in Sources */ = {isa = PBXBuildFile; fileRef = 119DE9AD1CAD76CF0087E0F0 /* DefaultHRViewController.swift */; };
/* End PBXBuildFile section */

/* Begin PBXFileReference section */
		119DE8981CAD6EB70087E0F0 /* CallCenter.app */ = {isa = PBXFileReference; explicitFileType = wrapper.application; includeInIndex = 0; path = CallCenter.app; sourceTree = BUILT_PRODUCTS_DIR; };
		119DE89B1CAD6EB70087E0F0 /* AppDelegate.swift */ = {isa = PBXFileReference; lastKnownFileType = sourcecode.swift; path = AppDelegate.swift; sourceTree = "<group>"; };
		119DE8A01CAD6EB70087E0F0 /* Base */ = {isa = PBXFileReference; lastKnownFileType = file.storyboard; name = Base; path = Base.lproj/Main.storyboard; sourceTree = "<group>"; };
		119DE8A21CAD6EB70087E0F0 /* Assets.xcassets */ = {isa = PBXFileReference; lastKnownFileType = folder.assetcatalog; path = Assets.xcassets; sourceTree = "<group>"; };
		119DE8A71CAD6EB70087E0F0 /* Info.plist */ = {isa = PBXFileReference; lastKnownFileType = text.plist.xml; path = Info.plist; sourceTree = "<group>"; };
		119DE9A51CAD758A0087E0F0 /* BaseViewController.swift */ = {isa = PBXFileReference; fileEncoding = 4; lastKnownFileType = sourcecode.swift; path = BaseViewController.swift; sourceTree = "<group>"; };
		119DE9A71CAD75DE0087E0F0 /* AuthViewController.swift */ = {isa = PBXFileReference; fileEncoding = 4; lastKnownFileType = sourcecode.swift; path = AuthViewController.swift; sourceTree = "<group>"; };
		119DE9A91CAD76010087E0F0 /* DashboardViewController.swift */ = {isa = PBXFileReference; fileEncoding = 4; lastKnownFileType = sourcecode.swift; path = DashboardViewController.swift; sourceTree = "<group>"; };
		119DE9AB1CAD76920087E0F0 /* DefaultEmployeeViewController.swift */ = {isa = PBXFileReference; fileEncoding = 4; lastKnownFileType = sourcecode.swift; path = DefaultEmployeeViewController.swift; sourceTree = "<group>"; };
		119DE9AD1CAD76CF0087E0F0 /* DefaultHRViewController.swift */ = {isa = PBXFileReference; fileEncoding = 4; lastKnownFileType = sourcecode.swift; path = DefaultHRViewController.swift; sourceTree = "<group>"; };
/* End PBXFileReference section */

/* Begin PBXFrameworksBuildPhase section */
		119DE8951CAD6EB70087E0F0 /* Frameworks */ = {
			isa = PBXFrameworksBuildPhase;
			buildActionMask = 2147483647;
			files = (
			);
			runOnlyForDeploymentPostprocessing = 0;
		};
/* End PBXFrameworksBuildPhase section */

/* Begin PBXGroup section */
		119DE88F1CAD6EB70087E0F0 = {
			isa = PBXGroup;
			children = (
				119DE89A1CAD6EB70087E0F0 /* CallCenter */,
				119DE8991CAD6EB70087E0F0 /* Products */,
			);
			sourceTree = "<group>";
		};
		119DE8991CAD6EB70087E0F0 /* Products */ = {
			isa = PBXGroup;
			children = (
				119DE8981CAD6EB70087E0F0 /* CallCenter.app */,
			);
			name = Products;
			sourceTree = "<group>";
		};
		119DE89A1CAD6EB70087E0F0 /* CallCenter */ = {
			isa = PBXGroup;
			children = (
				119DE8AD1CAD73B60087E0F0 /* Classes */,
				119DE89B1CAD6EB70087E0F0 /* AppDelegate.swift */,
				119DE89F1CAD6EB70087E0F0 /* Main.storyboard */,
				119DE8A21CAD6EB70087E0F0 /* Assets.xcassets */,
				119DE8A71CAD6EB70087E0F0 /* Info.plist */,
			);
			path = CallCenter;
			sourceTree = "<group>";
		};
		119DE8AD1CAD73B60087E0F0 /* Classes */ = {
			isa = PBXGroup;
			children = (
				119DE99E1CAD74890087E0F0 /* Model */,
				119DE99F1CAD74890087E0F0 /* Presenter */,
				119DE9A01CAD74890087E0F0 /* View */,
			);
			path = Classes;
			sourceTree = "<group>";
		};
		119DE99E1CAD74890087E0F0 /* Model */ = {
			isa = PBXGroup;
			children = (
			);
			name = Model;
			path = Classes/Model;
			sourceTree = "<group>";
		};
		119DE99F1CAD74890087E0F0 /* Presenter */ = {
			isa = PBXGroup;
			children = (
				119DE9A21CAD75530087E0F0 /* Employee */,
				119DE9A31CAD75530087E0F0 /* HR */,
				119DE9A41CAD75530087E0F0 /* Utills */,
				119DE9A71CAD75DE0087E0F0 /* AuthViewController.swift */,
				119DE9A91CAD76010087E0F0 /* DashboardViewController.swift */,
			);
			name = Presenter;
			path = Classes/Presenter;
			sourceTree = "<group>";
		};
		119DE9A01CAD74890087E0F0 /* View */ = {
			isa = PBXGroup;
			children = (
			);
			name = View;
			path = Classes/View;
			sourceTree = "<group>";
		};
		119DE9A21CAD75530087E0F0 /* Employee */ = {
			isa = PBXGroup;
			children = (
				119DE9AB1CAD76920087E0F0 /* DefaultEmployeeViewController.swift */,
			);
			path = Employee;
			sourceTree = "<group>";
		};
		119DE9A31CAD75530087E0F0 /* HR */ = {
			isa = PBXGroup;
			children = (
				119DE9AD1CAD76CF0087E0F0 /* DefaultHRViewController.swift */,
			);
			path = HR;
			sourceTree = "<group>";
		};
		119DE9A41CAD75530087E0F0 /* Utills */ = {
			isa = PBXGroup;
			children = (
				119DE9A51CAD758A0087E0F0 /* BaseViewController.swift */,
			);
			path = Utills;
			sourceTree = "<group>";
		};
/* End PBXGroup section */

/* Begin PBXNativeTarget section */
		119DE8971CAD6EB70087E0F0 /* CallCenter */ = {
			isa = PBXNativeTarget;
			buildConfigurationList = 119DE8AA1CAD6EB70087E0F0 /* Build configuration list for PBXNativeTarget "CallCenter" */;
			buildPhases = (
				119DE8941CAD6EB70087E0F0 /* Sources */,
				119DE8951CAD6EB70087E0F0 /* Frameworks */,
				119DE8961CAD6EB70087E0F0 /* Resources */,
			);
			buildRules = (
			);
			dependencies = (
			);
			name = CallCenter;
			productName = CallCentre;
			productReference = 119DE8981CAD6EB70087E0F0 /* CallCenter.app */;
			productType = "com.apple.product-type.application";
		};
/* End PBXNativeTarget section */

/* Begin PBXProject section */
		119DE8901CAD6EB70087E0F0 /* Project object */ = {
			isa = PBXProject;
			attributes = {
				LastSwiftUpdateCheck = 0720;
				LastUpgradeCheck = 0720;
				ORGANIZATIONNAME = "Mikhail Payvin";
				TargetAttributes = {
					119DE8971CAD6EB70087E0F0 = {
						CreatedOnToolsVersion = 7.2.1;
					};
				};
			};
			buildConfigurationList = 119DE8931CAD6EB70087E0F0 /* Build configuration list for PBXProject "CallCenter" */;
			compatibilityVersion = "Xcode 3.2";
			developmentRegion = English;
			hasScannedForEncodings = 0;
			knownRegions = (
				en,
				Base,
			);
			mainGroup = 119DE88F1CAD6EB70087E0F0;
			productRefGroup = 119DE8991CAD6EB70087E0F0 /* Products */;
			projectDirPath = "";
			projectRoot = "";
			targets = (
				119DE8971CAD6EB70087E0F0 /* CallCenter */,
			);
		};
/* End PBXProject section */

/* Begin PBXResourcesBuildPhase section */
		119DE8961CAD6EB70087E0F0 /* Resources */ = {
			isa = PBXResourcesBuildPhase;
			buildActionMask = 2147483647;
			files = (
				119DE8A31CAD6EB70087E0F0 /* Assets.xcassets in Resources */,
				119DE8A11CAD6EB70087E0F0 /* Main.storyboard in Resources */,
			);
			runOnlyForDeploymentPostprocessing = 0;
		};
/* End PBXResourcesBuildPhase section */

/* Begin PBXSourcesBuildPhase section */
		119DE8941CAD6EB70087E0F0 /* Sources */ = {
			isa = PBXSourcesBuildPhase;
			buildActionMask = 2147483647;
			files = (
				119DE89C1CAD6EB70087E0F0 /* AppDelegate.swift in Sources */,
				119DE9A81CAD75DE0087E0F0 /* AuthViewController.swift in Sources */,
				119DE9A61CAD758A0087E0F0 /* BaseViewController.swift in Sources */,
				119DE9AA1CAD76010087E0F0 /* DashboardViewController.swift in Sources */,
				119DE9AE1CAD76CF0087E0F0 /* DefaultHRViewController.swift in Sources */,
				119DE9AC1CAD76920087E0F0 /* DefaultEmployeeViewController.swift in Sources */,
			);
			runOnlyForDeploymentPostprocessing = 0;
		};
/* End PBXSourcesBuildPhase section */

/* Begin PBXVariantGroup section */
		119DE89F1CAD6EB70087E0F0 /* Main.storyboard */ = {
			isa = PBXVariantGroup;
			children = (
				119DE8A01CAD6EB70087E0F0 /* Base */,
			);
			name = Main.storyboard;
			sourceTree = "<group>";
		};
/* End PBXVariantGroup section */

/* Begin XCBuildConfiguration section */
		119DE8A81CAD6EB70087E0F0 /* Debug */ = {
			isa = XCBuildConfiguration;
			buildSettings = {
				ALWAYS_SEARCH_USER_PATHS = NO;
				CLANG_CXX_LANGUAGE_STANDARD = "gnu++0x";
				CLANG_CXX_LIBRARY = "libc++";
				CLANG_ENABLE_MODULES = YES;
				CLANG_ENABLE_OBJC_ARC = YES;
				CLANG_WARN_BOOL_CONVERSION = YES;
				CLANG_WARN_CONSTANT_CONVERSION = YES;
				CLANG_WARN_DIRECT_OBJC_ISA_USAGE = YES_ERROR;
				CLANG_WARN_EMPTY_BODY = YES;
				CLANG_WARN_ENUM_CONVERSION = YES;
				CLANG_WARN_INT_CONVERSION = YES;
				CLANG_WARN_OBJC_ROOT_CLASS = YES_ERROR;
				CLANG_WARN_UNREACHABLE_CODE = YES;
				CLANG_WARN__DUPLICATE_METHOD_MATCH = YES;
				"CODE_SIGN_IDENTITY[sdk=iphoneos*]" = "iPhone Developer";
				COPY_PHASE_STRIP = NO;
				DEBUG_INFORMATION_FORMAT = dwarf;
				ENABLE_STRICT_OBJC_MSGSEND = YES;
				ENABLE_TESTABILITY = YES;
				GCC_C_LANGUAGE_STANDARD = gnu99;
				GCC_DYNAMIC_NO_PIC = NO;
				GCC_NO_COMMON_BLOCKS = YES;
				GCC_OPTIMIZATION_LEVEL = 0;
				GCC_PREPROCESSOR_DEFINITIONS = (
					"DEBUG=1",
					"$(inherited)",
				);
				GCC_WARN_64_TO_32_BIT_CONVERSION = YES;
				GCC_WARN_ABOUT_RETURN_TYPE = YES_ERROR;
				GCC_WARN_UNDECLARED_SELECTOR = YES;
				GCC_WARN_UNINITIALIZED_AUTOS = YES_AGGRESSIVE;
				GCC_WARN_UNUSED_FUNCTION = YES;
				GCC_WARN_UNUSED_VARIABLE = YES;
				IPHONEOS_DEPLOYMENT_TARGET = 9.2;
				MTL_ENABLE_DEBUG_INFO = YES;
				ONLY_ACTIVE_ARCH = YES;
				SDKROOT = iphoneos;
				SWIFT_OPTIMIZATION_LEVEL = "-Onone";
			};
			name = Debug;
		};
		119DE8A91CAD6EB70087E0F0 /* Release */ = {
			isa = XCBuildConfiguration;
			buildSettings = {
				ALWAYS_SEARCH_USER_PATHS = NO;
				CLANG_CXX_LANGUAGE_STANDARD = "gnu++0x";
				CLANG_CXX_LIBRARY = "libc++";
				CLANG_ENABLE_MODULES = YES;
				CLANG_ENABLE_OBJC_ARC = YES;
				CLANG_WARN_BOOL_CONVERSION = YES;
				CLANG_WARN_CONSTANT_CONVERSION = YES;
				CLANG_WARN_DIRECT_OBJC_ISA_USAGE = YES_ERROR;
				CLANG_WARN_EMPTY_BODY = YES;
				CLANG_WARN_ENUM_CONVERSION = YES;
				CLANG_WARN_INT_CONVERSION = YES;
				CLANG_WARN_OBJC_ROOT_CLASS = YES_ERROR;
				CLANG_WARN_UNREACHABLE_CODE = YES;
				CLANG_WARN__DUPLICATE_METHOD_MATCH = YES;
				"CODE_SIGN_IDENTITY[sdk=iphoneos*]" = "iPhone Developer";
				COPY_PHASE_STRIP = NO;
				DEBUG_INFORMATION_FORMAT = "dwarf-with-dsym";
				ENABLE_NS_ASSERTIONS = NO;
				ENABLE_STRICT_OBJC_MSGSEND = YES;
				GCC_C_LANGUAGE_STANDARD = gnu99;
				GCC_NO_COMMON_BLOCKS = YES;
				GCC_WARN_64_TO_32_BIT_CONVERSION = YES;
				GCC_WARN_ABOUT_RETURN_TYPE = YES_ERROR;
				GCC_WARN_UNDECLARED_SELECTOR = YES;
				GCC_WARN_UNINITIALIZED_AUTOS = YES_AGGRESSIVE;
				GCC_WARN_UNUSED_FUNCTION = YES;
				GCC_WARN_UNUSED_VARIABLE = YES;
				IPHONEOS_DEPLOYMENT_TARGET = 9.2;
				MTL_ENABLE_DEBUG_INFO = NO;
				SDKROOT = iphoneos;
				VALIDATE_PRODUCT = YES;
			};
			name = Release;
		};
		119DE8AB1CAD6EB70087E0F0 /* Debug */ = {
			isa = XCBuildConfiguration;
			buildSettings = {
				ASSETCATALOG_COMPILER_APPICON_NAME = AppIcon;
				ASSETCATALOG_COMPILER_LAUNCHIMAGE_NAME = "Brand Assets";
				INFOPLIST_FILE = CallCentre/Info.plist;
				IPHONEOS_DEPLOYMENT_TARGET = 8.0;
				LD_RUNPATH_SEARCH_PATHS = "$(inherited) @executable_path/Frameworks";
				PRODUCT_BUNDLE_IDENTIFIER = "com.mikhail-payvin.CallCenter";
				PRODUCT_NAME = CallCenter;
			};
			name = Debug;
		};
		119DE8AC1CAD6EB70087E0F0 /* Release */ = {
			isa = XCBuildConfiguration;
			buildSettings = {
				ASSETCATALOG_COMPILER_APPICON_NAME = AppIcon;
				ASSETCATALOG_COMPILER_LAUNCHIMAGE_NAME = "Brand Assets";
				INFOPLIST_FILE = CallCentre/Info.plist;
				IPHONEOS_DEPLOYMENT_TARGET = 8.0;
				LD_RUNPATH_SEARCH_PATHS = "$(inherited) @executable_path/Frameworks";
				PRODUCT_BUNDLE_IDENTIFIER = "com.mikhail-payvin.CallCenter";
				PRODUCT_NAME = CallCenter;
			};
			name = Release;
		};
/* End XCBuildConfiguration section */

/* Begin XCConfigurationList section */
		119DE8931CAD6EB70087E0F0 /* Build configuration list for PBXProject "CallCenter" */ = {
			isa = XCConfigurationList;
			buildConfigurations = (
				119DE8A81CAD6EB70087E0F0 /* Debug */,
				119DE8A91CAD6EB70087E0F0 /* Release */,
			);
			defaultConfigurationIsVisible = 0;
			defaultConfigurationName = Release;
		};
		119DE8AA1CAD6EB70087E0F0 /* Build configuration list for PBXNativeTarget "CallCenter" */ = {
			isa = XCConfigurationList;
			buildConfigurations = (
				119DE8AB1CAD6EB70087E0F0 /* Debug */,
				119DE8AC1CAD6EB70087E0F0 /* Release */,
			);
			defaultConfigurationIsVisible = 0;
			defaultConfigurationName = Release;
		};
/* End XCConfigurationList section */
	};
	rootObject = 119DE8901CAD6EB70087E0F0 /* Project object */;
}
